
Microsoft Visual Studio Solution File, Format Version 12.00
# Visual Studio Version 16
VisualStudioVersion = 25.0.1704.3
MinimumVisualStudioVersion = 10.0.40219.1
Project("{FAE04EC0-301F-11D3-BF4B-00C04F79EFBC}") = "SuperbackCiamOTP", "SuperbackCiamOTP\SuperbackCiamOTP.csproj", "{AF72F05C-4679-4FB1-A9DD-0028376608DF}"
EndProject
Project("{FAE04EC0-301F-11D3-BF4B-00C04F79EFBC}") = "SuperbackCiamOTPTest", "SuperbackCiamOTPTest\SuperbackCiamOTPTest.csproj", "{E306B68C-D5ED-4A5F-962B-935C5E2F9A3B}"
EndProject
Project("{2150E333-8FDC-42A3-9474-1A3956D46DE8}") = "Elementos de la solución", "Elementos de la solución", "{9E06638B-00C6-44B3-AF12-33224D8C6747}"
	ProjectSection(SolutionItems) = preProject
		.editorconfig = .editorconfig
		stylecop.json = stylecop.json
	EndProjectSection
EndProject
Global
	GlobalSection(SolutionConfigurationPlatforms) = preSolution
		Debug|Any CPU = Debug|Any CPU
		Release|Any CPU = Release|Any CPU
	EndGlobalSection
	GlobalSection(ProjectConfigurationPlatforms) = postSolution
		{AF72F05C-4679-4FB1-A9DD-0028376608DF}.Debug|Any CPU.ActiveCfg = Debug|Any CPU
		{AF72F05C-4679-4FB1-A9DD-0028376608DF}.Debug|Any CPU.Build.0 = Debug|Any CPU
		{AF72F05C-4679-4FB1-A9DD-0028376608DF}.Release|Any CPU.ActiveCfg = Release|Any CPU
		{AF72F05C-4679-4FB1-A9DD-0028376608DF}.Release|Any CPU.Build.0 = Release|Any CPU
		{E306B68C-D5ED-4A5F-962B-935C5E2F9A3B}.Debug|Any CPU.ActiveCfg = Debug|Any CPU
		{E306B68C-D5ED-4A5F-962B-935C5E2F9A3B}.Debug|Any CPU.Build.0 = Debug|Any CPU
		{E306B68C-D5ED-4A5F-962B-935C5E2F9A3B}.Release|Any CPU.ActiveCfg = Release|Any CPU
		{E306B68C-D5ED-4A5F-962B-935C5E2F9A3B}.Release|Any CPU.Build.0 = Release|Any CPU
	EndGlobalSection
	GlobalSection(SolutionProperties) = preSolution
		HideSolutionNode = FALSE
	EndGlobalSection
	GlobalSection(ExtensibilityGlobals) = postSolution
		SolutionGuid = {E45ACC01-5CE3-4CF3-9CA1-E68A3BF21BD0}
	EndGlobalSection
EndGlobal
